
Microsoft Visual Studio Solution File, Format Version 12.00
# Visual Studio 15
VisualStudioVersion = 15.0.28307.572
MinimumVisualStudioVersion = 10.0.40219.1
Project("{FAE04EC0-301F-11D3-BF4B-00C04F79EFBC}") = "TugasAkhir_Majid_19", "TugasAkhir_Majid_19\TugasAkhir_Majid_19.csproj", "{828DA9B3-152D-4BF7-80DF-EE32AF1F8BEF}"
EndProject
Global
	GlobalSection(SolutionConfigurationPlatforms) = preSolution
		Debug|Any CPU = Debug|Any CPU
		Release|Any CPU = Release|Any CPU
	EndGlobalSection
	GlobalSection(ProjectConfigurationPlatforms) = postSolution
		{828DA9B3-152D-4BF7-80DF-EE32AF1F8BEF}.Debug|Any CPU.ActiveCfg = Debug|Any CPU
		{828DA9B3-152D-4BF7-80DF-EE32AF1F8BEF}.Debug|Any CPU.Build.0 = Debug|Any CPU
		{828DA9B3-152D-4BF7-80DF-EE32AF1F8BEF}.Release|Any CPU.ActiveCfg = Release|Any CPU
		{828DA9B3-152D-4BF7-80DF-EE32AF1F8BEF}.Release|Any CPU.Build.0 = Release|Any CPU
	EndGlobalSection
	GlobalSection(SolutionProperties) = preSolution
		HideSolutionNode = FALSE
	EndGlobalSection
	GlobalSection(ExtensibilityGlobals) = postSolution
		SolutionGuid = {D3B79931-EE67-4D63-AAB6-F8E5BA65B3F7}
	EndGlobalSection
EndGlobal
